
Microsoft Visual Studio Solution File, Format Version 12.00
# Visual Studio Version 17
VisualStudioVersion = 17.11.35312.102
MinimumVisualStudioVersion = 10.0.40219.1
Project("{FAE04EC0-301F-11D3-BF4B-00C04F79EFBC}") = "StudentRegistrationApplication", "StudentRegistrationApplication\StudentRegistrationApplication.csproj", "{BAAFD7A6-55CE-406E-B78F-54BE881AFDD1}"
EndProject
Global
	GlobalSection(SolutionConfigurationPlatforms) = preSolution
		Debug|Any CPU = Debug|Any CPU
		Release|Any CPU = Release|Any CPU
	EndGlobalSection
	GlobalSection(ProjectConfigurationPlatforms) = postSolution
		{BAAFD7A6-55CE-406E-B78F-54BE881AFDD1}.Debug|Any CPU.ActiveCfg = Debug|Any CPU
		{BAAFD7A6-55CE-406E-B78F-54BE881AFDD1}.Debug|Any CPU.Build.0 = Debug|Any CPU
		{BAAFD7A6-55CE-406E-B78F-54BE881AFDD1}.Release|Any CPU.ActiveCfg = Release|Any CPU
		{BAAFD7A6-55CE-406E-B78F-54BE881AFDD1}.Release|Any CPU.Build.0 = Release|Any CPU
	EndGlobalSection
	GlobalSection(SolutionProperties) = preSolution
		HideSolutionNode = FALSE
	EndGlobalSection
	GlobalSection(ExtensibilityGlobals) = postSolution
		SolutionGuid = {CC9F9F5D-B192-46FF-BEF0-10C2612222D8}
	EndGlobalSection
EndGlobal
